
Microsoft Visual Studio Solution File, Format Version 12.00
# Visual Studio Version 16
VisualStudioVersion = 16.0.30907.101
MinimumVisualStudioVersion = 10.0.40219.1
Project("{FAE04EC0-301F-11D3-BF4B-00C04F79EFBC}") = "Geboortedata", "Geboortedata\Geboortedata.csproj", "{DC72B7F6-D7AF-4EBA-A3ED-8BB04FE3419A}"
EndProject
Global
	GlobalSection(SolutionConfigurationPlatforms) = preSolution
		Debug|Any CPU = Debug|Any CPU
		Release|Any CPU = Release|Any CPU
	EndGlobalSection
	GlobalSection(ProjectConfigurationPlatforms) = postSolution
		{DC72B7F6-D7AF-4EBA-A3ED-8BB04FE3419A}.Debug|Any CPU.ActiveCfg = Debug|Any CPU
		{DC72B7F6-D7AF-4EBA-A3ED-8BB04FE3419A}.Debug|Any CPU.Build.0 = Debug|Any CPU
		{DC72B7F6-D7AF-4EBA-A3ED-8BB04FE3419A}.Release|Any CPU.ActiveCfg = Release|Any CPU
		{DC72B7F6-D7AF-4EBA-A3ED-8BB04FE3419A}.Release|Any CPU.Build.0 = Release|Any CPU
	EndGlobalSection
	GlobalSection(SolutionProperties) = preSolution
		HideSolutionNode = FALSE
	EndGlobalSection
	GlobalSection(ExtensibilityGlobals) = postSolution
		SolutionGuid = {681B7C93-2A4C-464B-ACEC-44AE3C2440A9}
	EndGlobalSection
EndGlobal
